# THIS IS AN AUTOGENERATED FILE. DO NOT EDIT THIS FILE DIRECTLY.
# yarn lockfile v1


"@babel/runtime@^7.0.0":
  version "7.25.6"
  resolved "https://registry.npmjs.org/@babel/runtime/-/runtime-7.25.6.tgz"
  integrity sha512-VBj9MYyDb9tuLq7yzqjgzt6Q+IBQLrGZfdjOekyEirZPHxXWoTSGUTMrpsfi58Up73d13NfYLv8HT9vmznjzhQ==
  dependencies:
    regenerator-runtime "^0.14.0"

"@esbuild/darwin-arm64@0.23.1":
  version "0.23.1"
  resolved "https://registry.npmjs.org/@esbuild/darwin-arm64/-/darwin-arm64-0.23.1.tgz"
  integrity sha512-YsS2e3Wtgnw7Wq53XXBLcV6JhRsEq8hkfg91ESVadIrzr9wO6jJDMZnCQbHm1Guc5t/CdDiFSSfWP58FNuvT3Q==

"@ethereumjs/common@^3.2.0":
  version "3.2.0"
  resolved "https://registry.npmjs.org/@ethereumjs/common/-/common-3.2.0.tgz"
  integrity sha512-pksvzI0VyLgmuEF2FA/JR/4/y6hcPq8OUail3/AvycBaW1d5VSauOZzqGvJ3RTmR4MU35lWE8KseKOsEhrFRBA==
  dependencies:
    "@ethereumjs/util" "^8.1.0"
    crc-32 "^1.2.0"

"@ethereumjs/rlp@^4.0.1":
  version "4.0.1"
  resolved "https://registry.npmjs.org/@ethereumjs/rlp/-/rlp-4.0.1.tgz"
  integrity sha512-tqsQiBQDQdmPWE1xkkBq4rlSW5QZpLOUJ5RJh2/9fug+q9tnUhuZoVLk7s0scUIKTOzEtR72DFBXI4WiZcMpvw==

"@ethereumjs/tx@^4.2.0":
  version "4.2.0"
  resolved "https://registry.npmjs.org/@ethereumjs/tx/-/tx-4.2.0.tgz"
  integrity sha512-1nc6VO4jtFd172BbSnTnDQVr9IYBFl1y4xPzZdtkrkKIncBCkdbgfdRV+MiTkJYAtTxvV12GRZLqBFT1PNK6Yw==
  dependencies:
    "@ethereumjs/common" "^3.2.0"
    "@ethereumjs/rlp" "^4.0.1"
    "@ethereumjs/util" "^8.1.0"
    ethereum-cryptography "^2.0.0"

"@ethereumjs/util@^8.1.0":
  version "8.1.0"
  resolved "https://registry.npmjs.org/@ethereumjs/util/-/util-8.1.0.tgz"
  integrity sha512-zQ0IqbdX8FZ9aw11vP+dZkKDkS+kgIvQPHnSAXzP9pLu+Rfu3D3XEeLbicvoXJTYnhZiPmsZUxgdzXwNKxRPbA==
  dependencies:
    "@ethereumjs/rlp" "^4.0.1"
    ethereum-cryptography "^2.0.0"
    micro-ftch "^0.3.1"

"@metamask/base-controller@^7.0.1":
  version "7.0.1"
  resolved "https://registry.npmjs.org/@metamask/base-controller/-/base-controller-7.0.1.tgz"
  integrity sha512-U1strOKT4v/kSJ2h4tgn9iUVVuv5Ja64J+OR145ITHd4574FaUYVJR80/imn6WmCbo8B6AYwHwEovdZ5qLGSKw==
  dependencies:
    "@metamask/utils" "^9.1.0"
    immer "^9.0.6"

"@metamask/controller-utils@^11.3.0":
  version "11.3.0"
  resolved "https://registry.npmjs.org/@metamask/controller-utils/-/controller-utils-11.3.0.tgz"
  integrity sha512-5b+Jg9sKKESzvQcuipHC1D7KSh98MVIi7hXQUk7iX+YVMl4KoKDv94Bl+li8g+jCBshMOV9bRMRh25/hdEvTZQ==
  dependencies:
    "@ethereumjs/util" "^8.1.0"
    "@metamask/eth-query" "^4.0.0"
    "@metamask/ethjs-unit" "^0.3.0"
    "@metamask/utils" "^9.1.0"
    "@spruceid/siwe-parser" "2.1.0"
    "@types/bn.js" "^5.1.5"
    bn.js "^5.2.1"
    eth-ens-namehash "^2.0.8"
    fast-deep-equal "^3.1.3"

"@metamask/eth-query@^4.0.0":
  version "4.0.0"
  resolved "https://registry.npmjs.org/@metamask/eth-query/-/eth-query-4.0.0.tgz"
  integrity sha512-j2yPO2axYGyxwdqXRRhk2zBijt1Nd/xKCIXQkzvfWac0sKP0L9mSt1ZxMOe/sOF1SwS2R+NSaq+gsQDsQvrC4Q==
  dependencies:
    json-rpc-random-id "^1.0.0"
    xtend "^4.0.1"

"@metamask/ethjs-unit@^0.3.0":
  version "0.3.0"
  resolved "https://registry.npmjs.org/@metamask/ethjs-unit/-/ethjs-unit-0.3.0.tgz"
  integrity sha512-HZtg69ODXYS9+ovKUYofZuIAwq4fc2/MGazD4vBQRKWMhPu4ySdmgR0EuzbxEK4uhr18KA4pbL+mCYjyjGxY7w==
  dependencies:
    "@metamask/number-to-bn" "^1.7.1"
    bn.js "^5.2.1"

"@metamask/number-to-bn@^1.7.1":
  version "1.7.1"
  resolved "https://registry.npmjs.org/@metamask/number-to-bn/-/number-to-bn-1.7.1.tgz"
  integrity sha512-qCN+Au4amvcVii2LdOJNndYhdmk5Lk9tlStJhKpZ8tGeYQDJTghqYXJuSUVPHvfl6FUfKY1i1Or2j2EbnEerSQ==
  dependencies:
    bn.js "5.2.1"
    strip-hex-prefix "1.0.0"

"@metamask/phishing-controller@^12.0.2":
  version "12.0.3"
  resolved "https://registry.npmjs.org/@metamask/phishing-controller/-/phishing-controller-12.0.3.tgz"
  integrity sha512-CR1qN2FkMJp+MyNSXVTvrZY7MjCdkvsofW/kyv6oshPtLV6BGBWFyueS2UgjMNsmQDW/vMXUJMZfcMS6rs3S4w==
  dependencies:
    "@metamask/base-controller" "^7.0.1"
    "@metamask/controller-utils" "^11.3.0"
    "@noble/hashes" "^1.4.0"
    "@types/punycode" "^2.1.0"
    eth-phishing-detect "^1.2.0"
    ethereum-cryptography "^2.1.2"
    fastest-levenshtein "^1.0.16"
    punycode "^2.1.1"

"@metamask/superstruct@^3.1.0":
  version "3.1.0"
  resolved "https://registry.npmjs.org/@metamask/superstruct/-/superstruct-3.1.0.tgz"
  integrity sha512-N08M56HdOgBfRKkrgCMZvQppkZGcArEop3kixNEtVbJKm6P9Cfg0YkI6X0s1g78sNrj2fWUwvJADdZuzJgFttA==

"@metamask/utils@^9.1.0":
  version "9.2.1"
  resolved "https://registry.npmjs.org/@metamask/utils/-/utils-9.2.1.tgz"
  integrity sha512-/u663aUaB6+Xe75i3Mt/1cCljm41HDYIsna5oBrwGvgkY2zH7/9k9Zjd706cxoAbxN7QgLSVAReUiGnuxCuXrQ==
  dependencies:
    "@ethereumjs/tx" "^4.2.0"
    "@metamask/superstruct" "^3.1.0"
    "@noble/hashes" "^1.3.1"
    "@scure/base" "^1.1.3"
    "@types/debug" "^4.1.7"
    debug "^4.3.4"
    pony-cause "^2.1.10"
    semver "^7.5.4"
    uuid "^9.0.1"

"@noble/curves@~1.4.0", "@noble/curves@1.4.2":
  version "1.4.2"
  resolved "https://registry.npmjs.org/@noble/curves/-/curves-1.4.2.tgz"
  integrity sha512-TavHr8qycMChk8UwMld0ZDRvatedkzWfH8IiaeGCfymOP5i0hSCozz9vHOL0nkwk7HRMlFnAiKpS2jrUmSybcw==
  dependencies:
    "@noble/hashes" "1.4.0"

"@noble/hashes@^1.1.2", "@noble/hashes@^1.3.1", "@noble/hashes@^1.4.0":
  version "1.5.0"
  resolved "https://registry.npmjs.org/@noble/hashes/-/hashes-1.5.0.tgz"
  integrity sha512-1j6kQFb7QRru7eKN3ZDvRcP13rugwdxZqCjbiAVZfIJwgj2A65UmT4TgARXGlXgnRkORLTDTrO19ZErt7+QXgA==

"@noble/hashes@~1.4.0":
  version "1.4.0"
  resolved "https://registry.npmjs.org/@noble/hashes/-/hashes-1.4.0.tgz"
  integrity sha512-V1JJ1WTRUqHHrOSh597hURcMqVKVGL/ea3kv0gSnEdsEZ0/+VyPghM1lMNGc00z7CIQorSvbKpuJkxvuHbvdbg==

"@noble/hashes@1.4.0":
  version "1.4.0"
  resolved "https://registry.npmjs.org/@noble/hashes/-/hashes-1.4.0.tgz"
  integrity sha512-V1JJ1WTRUqHHrOSh597hURcMqVKVGL/ea3kv0gSnEdsEZ0/+VyPghM1lMNGc00z7CIQorSvbKpuJkxvuHbvdbg==

"@scure/base@^1.1.3", "@scure/base@~1.1.6":
  version "1.1.9"
  resolved "https://registry.npmjs.org/@scure/base/-/base-1.1.9.tgz"
  integrity sha512-8YKhl8GHiNI/pU2VMaofa2Tor7PJRAjwQLBBuilkJ9L5+13yVbC7JO/wS7piioAvPSwR3JKM1IJ/u4xQzbcXKg==

"@scure/bip32@1.4.0":
  version "1.4.0"
  resolved "https://registry.npmjs.org/@scure/bip32/-/bip32-1.4.0.tgz"
  integrity sha512-sVUpc0Vq3tXCkDGYVWGIZTRfnvu8LoTDaev7vbwh0omSvVORONr960MQWdKqJDCReIEmTj3PAr73O3aoxz7OPg==
  dependencies:
    "@noble/curves" "~1.4.0"
    "@noble/hashes" "~1.4.0"
    "@scure/base" "~1.1.6"

"@scure/bip39@1.3.0":
  version "1.3.0"
  resolved "https://registry.npmjs.org/@scure/bip39/-/bip39-1.3.0.tgz"
  integrity sha512-disdg7gHuTDZtY+ZdkmLpPCk7fxZSu3gBiEGuoC1XYxv9cGx3Z6cpTggCgW6odSOOIXCiDjuGejW+aJKCY/pIQ==
  dependencies:
    "@noble/hashes" "~1.4.0"
    "@scure/base" "~1.1.6"

"@spruceid/siwe-parser@2.1.0":
  version "2.1.0"
  resolved "https://registry.npmjs.org/@spruceid/siwe-parser/-/siwe-parser-2.1.0.tgz"
  integrity sha512-tFQwY2oQLa4qvHE6npKsVgVdVLQOCGP1zJM3yjZOHut43LqCwdSwitZndFLrJHZLpqru9FnmYHRakvsPvrI+qA==
  dependencies:
    "@noble/hashes" "^1.1.2"
    apg-js "^4.1.1"
    uri-js "^4.4.1"
    valid-url "^1.0.9"

"@types/bn.js@^5.1.5":
  version "5.1.6"
  resolved "https://registry.npmjs.org/@types/bn.js/-/bn.js-5.1.6.tgz"
  integrity sha512-Xh8vSwUeMKeYYrj3cX4lGQgFSF/N03r+tv4AiLl1SucqV+uTQpxRcnM8AkXKHwYP9ZPXOYXRr2KPXpVlIvqh9w==
  dependencies:
    "@types/node" "*"

"@types/debug@^4.1.7":
  version "4.1.12"
  resolved "https://registry.npmjs.org/@types/debug/-/debug-4.1.12.tgz"
  integrity sha512-vIChWdVG3LG1SMxEvI/AK+FWJthlrqlTu7fbrlywTkkaONwk/UAGaULXRlf8vkzFBLVm0zkMdCquhL5aOjhXPQ==
  dependencies:
    "@types/ms" "*"

"@types/ms@*":
  version "0.7.34"
  resolved "https://registry.npmjs.org/@types/ms/-/ms-0.7.34.tgz"
  integrity sha512-nG96G3Wp6acyAgJqGasjODb+acrI7KltPiRxzHPXnP3NgI28bpQDRv53olbqGXbfcgF5aiiHmO3xpwEpS5Ld9g==

"@types/node@*":
  version "22.5.4"
  resolved "https://registry.npmjs.org/@types/node/-/node-22.5.4.tgz"
  integrity sha512-FDuKUJQm/ju9fT/SeX/6+gBzoPzlVCzfzmGkwKvRHQVxi4BntVbyIwf6a4Xn62mrvndLiml6z/UBXIdEVjQLXg==
  dependencies:
    undici-types "~6.19.2"

"@types/punycode@^2.1.0", "@types/punycode@^2.1.4":
  version "2.1.4"
  resolved "https://registry.npmjs.org/@types/punycode/-/punycode-2.1.4.tgz"
  integrity sha512-trzh6NzBnq8yw5e35f8xe8VTYjqM3NE7bohBtvDVf/dtUer3zYTLK1Ka3DG3p7bdtoaOHZucma6FfVKlQ134pQ==

"@types/tape@^5.6.4":
  version "5.6.4"
  resolved "https://registry.npmjs.org/@types/tape/-/tape-5.6.4.tgz"
  integrity sha512-EmL4fJpZyByNCkupLLcJhneqcnT+rQUG5fWKNCsZyBK1x7nUuDTwwEerc4biEMZgvSK2+FXr775aLeXhKXK4Yw==
  dependencies:
    "@types/node" "*"
    "@types/through" "*"

"@types/through@*":
  version "0.0.33"
  resolved "https://registry.npmjs.org/@types/through/-/through-0.0.33.tgz"
  integrity sha512-HsJ+z3QuETzP3cswwtzt2vEIiHBk/dCcHGhbmG5X3ecnwFD/lPrMpliGXxSCg03L9AhrdwA4Oz/qfspkDW+xGQ==
  dependencies:
    "@types/node" "*"

ansi-escape@^1.0.1:
  version "1.1.0"
  resolved "https://registry.npmjs.org/ansi-escape/-/ansi-escape-1.1.0.tgz"
  integrity sha512-zSh7blKiz2ZUqDuEz4a3L59OheDkTuhG2Q1D875rpAJ4lt7AxMhyEXN20+6lpHXq4ul3rMcDzC2Hv6g33m58oQ==

apg-js@^4.1.1:
  version "4.4.0"
  resolved "https://registry.npmjs.org/apg-js/-/apg-js-4.4.0.tgz"
  integrity sha512-fefmXFknJmtgtNEXfPwZKYkMFX4Fyeyz+fNF6JWp87biGOPslJbCBVU158zvKRZfHBKnJDy8CMM40oLFGkXT8Q==

array-buffer-byte-length@^1.0.0:
  version "1.0.0"
  resolved "https://registry.npmjs.org/array-buffer-byte-length/-/array-buffer-byte-length-1.0.0.tgz"
  integrity sha512-LPuwb2P+NrQw3XhxGc36+XSvuBPopovXYTR9Ew++Du9Yb/bx5AzBfrIsBoj0EZUifjQU+sHL21sseZ3jerWO/A==
  dependencies:
    call-bind "^1.0.2"
    is-array-buffer "^3.0.1"

array.prototype.every@^1.1.4:
  version "1.1.4"
  resolved "https://registry.npmjs.org/array.prototype.every/-/array.prototype.every-1.1.4.tgz"
  integrity sha512-Aui35iRZk1HHLRAyF7QP0KAnOnduaQ6fo6k1NVWfRc0xTs2AZ70ytlXvOmkC6Di4JmUs2Wv3DYzGtCQFSk5uGg==
  dependencies:
    call-bind "^1.0.2"
    define-properties "^1.1.4"
    es-abstract "^1.20.4"
    is-string "^1.0.7"

available-typed-arrays@^1.0.5:
  version "1.0.5"
  resolved "https://registry.npmjs.org/available-typed-arrays/-/available-typed-arrays-1.0.5.tgz"
  integrity sha512-DMD0KiN46eipeziST1LPP/STfDU0sufISXmjSgvVsoU2tqxctQeASejWcfNtxYKqETM1UxQ8sp2OrSBWpHY6sw==

balanced-match@^1.0.0:
  version "1.0.2"
  resolved "https://registry.npmjs.org/balanced-match/-/balanced-match-1.0.2.tgz"
  integrity sha512-3oSeUO0TMV67hN1AmbXsK4yaqU7tjiHlbxRDZOpH0KW9+CeX4bRAaX0Anxt0tx2MrpRpWwQaPwIlISEJhYU5Pw==

bn.js@^5.2.1, bn.js@5.2.1:
  version "5.2.1"
  resolved "https://registry.npmjs.org/bn.js/-/bn.js-5.2.1.tgz"
  integrity sha512-eXRvHzWyYPBuB4NBy0cmYQjGitUrtqwbvlzP3G6VFnNRbsZQIxQ10PbKKHt8gZ/HW/D/747aDl+QkDqg3KQLMQ==

brace-expansion@^1.1.7:
  version "1.1.11"
  resolved "https://registry.npmjs.org/brace-expansion/-/brace-expansion-1.1.11.tgz"
  integrity sha512-iCuPHDFgrHX7H2vEI/5xpz07zSHB00TpugqhmYtVmMO6518mCuRMoOYFldEBl0g187ufozdaHgWKcYFb61qGiA==
  dependencies:
    balanced-match "^1.0.0"
    concat-map "0.0.1"

buffer-shims@~1.0.0:
  version "1.0.0"
  resolved "https://registry.npmjs.org/buffer-shims/-/buffer-shims-1.0.0.tgz"
  integrity sha512-Zy8ZXMyxIT6RMTeY7OP/bDndfj6bwCan7SS98CEndS6deHwWPpseeHlwarNcBim+etXnF9HBc1non5JgDaJU1g==

call-bind@^1.0.0, call-bind@^1.0.2:
  version "1.0.2"
  resolved "https://registry.npmjs.org/call-bind/-/call-bind-1.0.2.tgz"
  integrity sha512-7O+FbCihrB5WGbFYesctwmTKae6rOiIzmz1icreWJ+0aA7LJfuqhEso2T9ncpcFtzMQtzXf2QGGueWJGTYsqrA==
  dependencies:
    function-bind "^1.1.1"
    get-intrinsic "^1.0.2"

commander@^2.9.0:
  version "2.20.3"
  resolved "https://registry.npmjs.org/commander/-/commander-2.20.3.tgz"
  integrity sha512-GpVkmM8vF2vQUkj2LvZmD35JxeJOLCwJ9cUkugyk2nuhbv3+mJvpLYYt+0+USMxE+oj+ey/lJEnhZw75x/OMcQ==

concat-map@0.0.1:
  version "0.0.1"
  resolved "https://registry.npmjs.org/concat-map/-/concat-map-0.0.1.tgz"
  integrity sha512-/Srv4dswyQNBfohGpz9o6Yb3Gz3SrUDqBH5rTuhGR7ahtlbYKnVxw2bCFMRljaA7EXHaXZ8wsHdodFvbkhKmqg==

core-util-is@~1.0.0:
  version "1.0.3"
  resolved "https://registry.npmjs.org/core-util-is/-/core-util-is-1.0.3.tgz"
  integrity sha512-ZQBvi1DcpJ4GDqanjucZ2Hj3wEO5pZDS89BWbkcrvdxksJorwUDDZamX9ldFkp9aw2lmBDLgkObEA4DWNJ9FYQ==

crc-32@^1.2.0:
  version "1.2.2"
  resolved "https://registry.npmjs.org/crc-32/-/crc-32-1.2.2.tgz"
  integrity sha512-ROmzCKrTnOwybPcJApAA6WBWij23HVfGVNKqqrZpuyZOHqK2CwHSvpGuyt/UNNvaIjEd8X5IFGp4Mh+Ie1IHJQ==

csv-parse@^5.3.6:
  version "5.3.6"
  resolved "https://registry.npmjs.org/csv-parse/-/csv-parse-5.3.6.tgz"
  integrity sha512-WI330GjCuEioK/ii8HM2YE/eV+ynpeLvU+RXw4R8bRU8R0laK5zO3fDsc4gH8s472e3Ga38rbIjCAiQh+tEHkw==

debug@^4.3.4:
  version "4.3.7"
  resolved "https://registry.npmjs.org/debug/-/debug-4.3.7.tgz"
  integrity sha512-Er2nc/H7RrMXZBFCEim6TCmMk02Z8vLC2Rbi1KEBggpo0fS6l0S1nnapwmIi3yW/+GOJap1Krg4w0Hg80oCqgQ==
  dependencies:
    ms "^2.1.3"

deep-equal@^2.2.0:
  version "2.2.0"
  resolved "https://registry.npmjs.org/deep-equal/-/deep-equal-2.2.0.tgz"
  integrity sha512-RdpzE0Hv4lhowpIUKKMJfeH6C1pXdtT1/it80ubgWqwI3qpuxUBpC1S4hnHg+zjnuOoDkzUtUCEEkG+XG5l3Mw==
  dependencies:
    call-bind "^1.0.2"
    es-get-iterator "^1.1.2"
    get-intrinsic "^1.1.3"
    is-arguments "^1.1.1"
    is-array-buffer "^3.0.1"
    is-date-object "^1.0.5"
    is-regex "^1.1.4"
    is-shared-array-buffer "^1.0.2"
    isarray "^2.0.5"
    object-is "^1.1.5"
    object-keys "^1.1.1"
    object.assign "^4.1.4"
    regexp.prototype.flags "^1.4.3"
    side-channel "^1.0.4"
    which-boxed-primitive "^1.0.2"
    which-collection "^1.0.1"
    which-typed-array "^1.1.9"

define-properties@^1.1.3, define-properties@^1.1.4:
  version "1.2.0"
  resolved "https://registry.npmjs.org/define-properties/-/define-properties-1.2.0.tgz"
  integrity sha512-xvqAVKGfT1+UAvPwKTVw/njhdQ8ZhXK4lI0bCIuCMrp2up9nPnaDftrLtmpTazqd1o+UY4zgzU+avtMbDP+ldA==
  dependencies:
    has-property-descriptors "^1.0.0"
    object-keys "^1.1.1"

defined@^1.0.1:
  version "1.0.1"
  resolved "https://registry.npmjs.org/defined/-/defined-1.0.1.tgz"
  integrity sha512-hsBd2qSVCRE+5PmNdHt1uzyrFu5d3RwmFDKzyNZMFq/EwDNJF7Ee5+D5oEKF0hU6LhtoUF1macFvOe4AskQC1Q==

dotenv@^16.3.1:
  version "16.3.1"
  resolved "https://registry.npmjs.org/dotenv/-/dotenv-16.3.1.tgz"
  integrity sha512-IPzF4w4/Rd94bA9imS68tZBaYyBWSCE47V1RGuMrB94iyTOIEwRmVL2x/4An+6mETpLrKJ5hQkB8W4kFAadeIQ==

dotignore@^0.1.2:
  version "0.1.2"
  resolved "https://registry.npmjs.org/dotignore/-/dotignore-0.1.2.tgz"
  integrity sha512-UGGGWfSauusaVJC+8fgV+NVvBXkCTmVv7sk6nojDZZvuOUNGUy0Zk4UpHQD6EDjS0jpBwcACvH4eofvyzBcRDw==
  dependencies:
    minimatch "^3.0.4"

es-abstract@^1.19.0, es-abstract@^1.20.4:
  version "1.21.2"
  resolved "https://registry.npmjs.org/es-abstract/-/es-abstract-1.21.2.tgz"
  integrity sha512-y/B5POM2iBnIxCiernH1G7rC9qQoM77lLIMQLuob0zhp8C56Po81+2Nj0WFKnd0pNReDTnkYryc+zhOzpEIROg==
  dependencies:
    array-buffer-byte-length "^1.0.0"
    available-typed-arrays "^1.0.5"
    call-bind "^1.0.2"
    es-set-tostringtag "^2.0.1"
    es-to-primitive "^1.2.1"
    function.prototype.name "^1.1.5"
    get-intrinsic "^1.2.0"
    get-symbol-description "^1.0.0"
    globalthis "^1.0.3"
    gopd "^1.0.1"
    has "^1.0.3"
    has-property-descriptors "^1.0.0"
    has-proto "^1.0.1"
    has-symbols "^1.0.3"
    internal-slot "^1.0.5"
    is-array-buffer "^3.0.2"
    is-callable "^1.2.7"
    is-negative-zero "^2.0.2"
    is-regex "^1.1.4"
    is-shared-array-buffer "^1.0.2"
    is-string "^1.0.7"
    is-typed-array "^1.1.10"
    is-weakref "^1.0.2"
    object-inspect "^1.12.3"
    object-keys "^1.1.1"
    object.assign "^4.1.4"
    regexp.prototype.flags "^1.4.3"
    safe-regex-test "^1.0.0"
    string.prototype.trim "^1.2.7"
    string.prototype.trimend "^1.0.6"
    string.prototype.trimstart "^1.0.6"
    typed-array-length "^1.0.4"
    unbox-primitive "^1.0.2"
    which-typed-array "^1.1.9"

es-get-iterator@^1.1.2:
  version "1.1.3"
  resolved "https://registry.npmjs.org/es-get-iterator/-/es-get-iterator-1.1.3.tgz"
  integrity sha512-sPZmqHBe6JIiTfN5q2pEi//TwxmAFHwj/XEuYjTuse78i8KxaqMTTzxPoFKuzRpDpTJ+0NAbpfenkmH2rePtuw==
  dependencies:
    call-bind "^1.0.2"
    get-intrinsic "^1.1.3"
    has-symbols "^1.0.3"
    is-arguments "^1.1.1"
    is-map "^2.0.2"
    is-set "^2.0.2"
    is-string "^1.0.7"
    isarray "^2.0.5"
    stop-iteration-iterator "^1.0.0"

es-set-tostringtag@^2.0.1:
  version "2.0.1"
  resolved "https://registry.npmjs.org/es-set-tostringtag/-/es-set-tostringtag-2.0.1.tgz"
  integrity sha512-g3OMbtlwY3QewlqAiMLI47KywjWZoEytKr8pf6iTC8uJq5bIAH52Z9pnQ8pVL6whrCto53JZDuUIsifGeLorTg==
  dependencies:
    get-intrinsic "^1.1.3"
    has "^1.0.3"
    has-tostringtag "^1.0.0"

es-to-primitive@^1.2.1:
  version "1.2.1"
  resolved "https://registry.npmjs.org/es-to-primitive/-/es-to-primitive-1.2.1.tgz"
  integrity sha512-QCOllgZJtaUo9miYBcLChTUaHNjJF3PYs1VidD7AwiEj1kYxKeQTctLAezAOH5ZKRH0g2IgPn6KwB4IT8iRpvA==
  dependencies:
    is-callable "^1.1.4"
    is-date-object "^1.0.1"
    is-symbol "^1.0.2"

esbuild@~0.23.0:
  version "0.23.1"
  resolved "https://registry.npmjs.org/esbuild/-/esbuild-0.23.1.tgz"
  integrity sha512-VVNz/9Sa0bs5SELtn3f7qhJCDPCF5oMEl5cO9/SSinpE9hbPVvxbd572HH5AKiP7WD8INO53GgfDDhRjkylHEg==
  optionalDependencies:
    "@esbuild/aix-ppc64" "0.23.1"
    "@esbuild/android-arm" "0.23.1"
    "@esbuild/android-arm64" "0.23.1"
    "@esbuild/android-x64" "0.23.1"
    "@esbuild/darwin-arm64" "0.23.1"
    "@esbuild/darwin-x64" "0.23.1"
    "@esbuild/freebsd-arm64" "0.23.1"
    "@esbuild/freebsd-x64" "0.23.1"
    "@esbuild/linux-arm" "0.23.1"
    "@esbuild/linux-arm64" "0.23.1"
    "@esbuild/linux-ia32" "0.23.1"
    "@esbuild/linux-loong64" "0.23.1"
    "@esbuild/linux-mips64el" "0.23.1"
    "@esbuild/linux-ppc64" "0.23.1"
    "@esbuild/linux-riscv64" "0.23.1"
    "@esbuild/linux-s390x" "0.23.1"
    "@esbuild/linux-x64" "0.23.1"
    "@esbuild/netbsd-x64" "0.23.1"
    "@esbuild/openbsd-arm64" "0.23.1"
    "@esbuild/openbsd-x64" "0.23.1"
    "@esbuild/sunos-x64" "0.23.1"
    "@esbuild/win32-arm64" "0.23.1"
    "@esbuild/win32-ia32" "0.23.1"
    "@esbuild/win32-x64" "0.23.1"

escape-string-regexp@^1.0.5:
  version "1.0.5"
  resolved "https://registry.npmjs.org/escape-string-regexp/-/escape-string-regexp-1.0.5.tgz"
  integrity sha512-vbRorB5FUQWvla16U8R/qgaFIya2qGzwDrNmCZuYKrbdSUMG6I1ZCGQRefkRVhuOkIGVne7BQ35DSfo1qvJqFg==

eth-ens-namehash@^2.0.8:
  version "2.0.8"
  resolved "https://registry.npmjs.org/eth-ens-namehash/-/eth-ens-namehash-2.0.8.tgz"
  integrity sha512-VWEI1+KJfz4Km//dadyvBBoBeSQ0MHTXPvr8UIXiLW6IanxvAV+DmlZAijZwAyggqGUfwQBeHf7tc9wzc1piSw==
  dependencies:
    idna-uts46-hx "^2.3.1"
    js-sha3 "^0.5.7"

eth-phishing-detect@^1.2.0:
  version "1.2.0"
  resolved "https://registry.npmjs.org/eth-phishing-detect/-/eth-phishing-detect-1.2.0.tgz"
  integrity sha512-+M7D4dhu5tkSA9b5eiBwDeJCjwy+7Lv49nuTEw8fNZIZUAVZC3d2XHatBq1MOW7J8kxNGbBdgBuIf65opI7Tkg==
  dependencies:
    fast-levenshtein "^2.0.6"

ethereum-cryptography@^2.0.0, ethereum-cryptography@^2.1.2:
  version "2.2.1"
  resolved "https://registry.npmjs.org/ethereum-cryptography/-/ethereum-cryptography-2.2.1.tgz"
  integrity sha512-r/W8lkHSiTLxUxW8Rf3u4HGB0xQweG2RyETjywylKZSzLWoWAijRz8WCuOtJ6wah+avllXBqZuk29HCCvhEIRg==
  dependencies:
    "@noble/curves" "1.4.2"
    "@noble/hashes" "1.4.0"
    "@scure/bip32" "1.4.0"
    "@scure/bip39" "1.3.0"

fast-deep-equal@^3.1.3:
  version "3.1.3"
  resolved "https://registry.npmjs.org/fast-deep-equal/-/fast-deep-equal-3.1.3.tgz"
  integrity sha512-f3qQ9oQy9j2AhBe/H9VC91wLmKBCCU/gDOnKNAYG5hswO7BLKj09Hc5HYNz9cGI++xlpDCIgDaitVs03ATR84Q==

fast-levenshtein@^2.0.6:
  version "2.0.6"
  resolved "https://registry.npmjs.org/fast-levenshtein/-/fast-levenshtein-2.0.6.tgz"
  integrity sha512-DCXu6Ifhqcks7TZKY3Hxp3y6qphY5SJZmrWMDrKcERSOXWQdMhU9Ig/PYrzyw/ul9jOIyh0N4M0tbC5hodg8dw==

fastest-levenshtein@^1.0.16:
  version "1.0.16"
  resolved "https://registry.npmjs.org/fastest-levenshtein/-/fastest-levenshtein-1.0.16.tgz"
  integrity sha512-eRnCtTTtGZFpQCwhJiUOuxPQWRXVKYDn0b2PeHfXL6/Zi53SLAzAHfVhVWK2AryC/WH05kGfxhFIPvTF0SXQzg==

figures@^2.0.0:
  version "2.0.0"
  resolved "https://registry.npmjs.org/figures/-/figures-2.0.0.tgz"
  integrity sha512-Oa2M9atig69ZkfwiApY8F2Yy+tzMbazyvqv21R0NsSC8floSOC09BbT1ITWAdoMGQvJ/aZnR1KMwdx9tvHnTNA==
  dependencies:
    escape-string-regexp "^1.0.5"

for-each@^0.3.3:
  version "0.3.3"
  resolved "https://registry.npmjs.org/for-each/-/for-each-0.3.3.tgz"
  integrity sha512-jqYfLp7mo9vIyQf8ykW2v7A+2N4QjeCeI5+Dz9XraiO1ign81wjiH7Fb9vSOWvQfNtmSa4H2RoQTrrXivdUZmw==
  dependencies:
    is-callable "^1.1.3"

fs.realpath@^1.0.0:
  version "1.0.0"
  resolved "https://registry.npmjs.org/fs.realpath/-/fs.realpath-1.0.0.tgz"
  integrity sha512-OO0pH2lK6a0hZnAdau5ItzHPI6pUlvI7jMVnxUQRtw4owF2wk8lOSabtGDCTP4Ggrg2MbGnWO9X8K1t4+fGMDw==

fsevents@~2.3.3:
  version "2.3.3"
  resolved "https://registry.npmjs.org/fsevents/-/fsevents-2.3.3.tgz"
  integrity sha512-5xoDfX+fL7faATnagmWPpbFtwh/R77WmMMqqHGS65C3vvB0YHrgF+B1YmZ3441tMj5n63k0212XNoJwzlhffQw==

function-bind@^1.1.1:
  version "1.1.2"
  resolved "https://registry.npmjs.org/function-bind/-/function-bind-1.1.2.tgz"
  integrity sha512-7XHNxH7qX9xG5mIwxkhumTox/MIRNcOgDrxWsMt2pAr23WHp6MrRlN7FBSFpCpr+oVO0F744iUgR82nJMfG2SA==

function.prototype.name@^1.1.5:
  version "1.1.5"
  resolved "https://registry.npmjs.org/function.prototype.name/-/function.prototype.name-1.1.5.tgz"
  integrity sha512-uN7m/BzVKQnCUF/iW8jYea67v++2u7m5UgENbHRtdDVclOUP+FMPlCNdmk0h/ysGyo2tavMJEDqJAkJdRa1vMA==
  dependencies:
    call-bind "^1.0.2"
    define-properties "^1.1.3"
    es-abstract "^1.19.0"
    functions-have-names "^1.2.2"

functions-have-names@^1.2.2:
  version "1.2.3"
  resolved "https://registry.npmjs.org/functions-have-names/-/functions-have-names-1.2.3.tgz"
  integrity sha512-xckBUXyTIqT97tq2x2AMb+g163b5JFysYk0x4qxNFwbfQkmNZoiRHb6sPzI9/QV33WeuvVYBUIiD4NzNIyqaRQ==

get-intrinsic@^1.0.2, get-intrinsic@^1.1.1, get-intrinsic@^1.1.3, get-intrinsic@^1.2.0:
  version "1.2.0"
  resolved "https://registry.npmjs.org/get-intrinsic/-/get-intrinsic-1.2.0.tgz"
  integrity sha512-L049y6nFOuom5wGyRc3/gdTLO94dySVKRACj1RmJZBQXlbTMhtNIgkWkUHq+jYmZvKf14EW1EoJnnjbmoHij0Q==
  dependencies:
    function-bind "^1.1.1"
    has "^1.0.3"
    has-symbols "^1.0.3"

get-package-type@^0.1.0:
  version "0.1.0"
  resolved "https://registry.npmjs.org/get-package-type/-/get-package-type-0.1.0.tgz"
  integrity sha512-pjzuKtY64GYfWizNAJ0fr9VqttZkNiK2iS430LtIHzjBEr6bX8Am2zm4sW4Ro5wjWW5cAlRL1qAMTcXbjNAO2Q==

get-symbol-description@^1.0.0:
  version "1.0.0"
  resolved "https://registry.npmjs.org/get-symbol-description/-/get-symbol-description-1.0.0.tgz"
  integrity sha512-2EmdH1YvIQiZpltCNgkuiUnyukzxM/R6NDJX31Ke3BG1Nq5b0S2PhX59UKi9vZpPDQVdqn+1IcaAwnzTT5vCjw==
  dependencies:
    call-bind "^1.0.2"
    get-intrinsic "^1.1.1"

get-tsconfig@^4.7.5:
  version "4.8.0"
  resolved "https://registry.npmjs.org/get-tsconfig/-/get-tsconfig-4.8.0.tgz"
  integrity sha512-Pgba6TExTZ0FJAn1qkJAjIeKoDJ3CsI2ChuLohJnZl/tTU8MVrq3b+2t5UOPfRa4RMsorClBjJALkJUMjG1PAw==
  dependencies:
    resolve-pkg-maps "^1.0.0"

glob@^7.2.3:
  version "7.2.3"
  resolved "https://registry.npmjs.org/glob/-/glob-7.2.3.tgz"
  integrity sha512-nFR0zLpU2YCaRxwoCJvL6UvCH2JFyFVIvwTLsIf21AuHlMskA1hhTdk+LlYJtOlYt9v6dvszD2BGRqBL+iQK9Q==
  dependencies:
    fs.realpath "^1.0.0"
    inflight "^1.0.4"
    inherits "2"
    minimatch "^3.1.1"
    once "^1.3.0"
    path-is-absolute "^1.0.0"

globalthis@^1.0.3:
  version "1.0.3"
  resolved "https://registry.npmjs.org/globalthis/-/globalthis-1.0.3.tgz"
  integrity sha512-sFdI5LyBiNTHjRd7cGPWapiHWMOXKyuBNX/cWJ3NfzrZQVa8GI/8cofCl74AOVqq9W5kNmguTIzJ/1s2gyI9wA==
  dependencies:
    define-properties "^1.1.3"

gopd@^1.0.1:
  version "1.0.1"
  resolved "https://registry.npmjs.org/gopd/-/gopd-1.0.1.tgz"
  integrity sha512-d65bNlIadxvpb/A2abVdlqKqV563juRnZ1Wtk6s1sIR8uNsXR70xqIzVqxVf1eTqDunwT2MkczEeaezCKTZhwA==
  dependencies:
    get-intrinsic "^1.1.3"

has-bigints@^1.0.1, has-bigints@^1.0.2:
  version "1.0.2"
  resolved "https://registry.npmjs.org/has-bigints/-/has-bigints-1.0.2.tgz"
  integrity sha512-tSvCKtBr9lkF0Ex0aQiP9N+OpV4zi2r/Nee5VkRDbaqv35RLYMzbwQfFSZZH0kR+Rd6302UJZ2p/bJCEoR3VoQ==

has-dynamic-import@^2.0.1:
  version "2.0.1"
  resolved "https://registry.npmjs.org/has-dynamic-import/-/has-dynamic-import-2.0.1.tgz"
  integrity sha512-X3fbtsZmwb6W7fJGR9o7x65fZoodygCrZ3TVycvghP62yYQfS0t4RS0Qcz+j5tQYUKeSWS09tHkWW6WhFV3XhQ==
  dependencies:
    call-bind "^1.0.2"
    get-intrinsic "^1.1.1"

has-property-descriptors@^1.0.0:
  version "1.0.0"
  resolved "https://registry.npmjs.org/has-property-descriptors/-/has-property-descriptors-1.0.0.tgz"
  integrity sha512-62DVLZGoiEBDHQyqG4w9xCuZ7eJEwNmJRWw2VY84Oedb7WFcA27fiEVe8oUQx9hAUJ4ekurquucTGwsyO1XGdQ==
  dependencies:
    get-intrinsic "^1.1.1"

has-proto@^1.0.1:
  version "1.0.1"
  resolved "https://registry.npmjs.org/has-proto/-/has-proto-1.0.1.tgz"
  integrity sha512-7qE+iP+O+bgF9clE5+UoBFzE65mlBiVj3tKCrlNQ0Ogwm0BjpT/gK4SlLYDMybDh5I3TCTKnPPa0oMG7JDYrhg==

has-symbols@^1.0.2, has-symbols@^1.0.3:
  version "1.0.3"
  resolved "https://registry.npmjs.org/has-symbols/-/has-symbols-1.0.3.tgz"
  integrity sha512-l3LCuF6MgDNwTDKkdYGEihYjt5pRPbEg46rtlmnSPlUbgmB8LOIrKJbYYFBSbnPaJexMKtiPO8hmeRjRz2Td+A==

has-tostringtag@^1.0.0:
  version "1.0.0"
  resolved "https://registry.npmjs.org/has-tostringtag/-/has-tostringtag-1.0.0.tgz"
  integrity sha512-kFjcSNhnlGV1kyoGk7OXKSawH5JOb/LzUc5w9B02hOTO0dfFRjbHQKvg1d6cf3HbeUmtU9VbbV3qzZ2Teh97WQ==
  dependencies:
    has-symbols "^1.0.2"

has@^1.0.3:
  version "1.0.3"
  resolved "https://registry.npmjs.org/has/-/has-1.0.3.tgz"
  integrity sha512-f2dvO0VU6Oej7RkWJGrehjbzMAjFp5/VKPp5tTpWIV4JHHZK1/BxbFRtf/siA2SWTe09caDmVtYYzWEIbBS4zw==
  dependencies:
    function-bind "^1.1.1"

idna-uts46-hx@^2.3.1:
  version "2.3.1"
  resolved "https://registry.npmjs.org/idna-uts46-hx/-/idna-uts46-hx-2.3.1.tgz"
  integrity sha512-PWoF9Keq6laYdIRwwCdhTPl60xRqAloYNMQLiyUnG42VjT53oW07BXIRM+NK7eQjzXjAk2gUvX9caRxlnF9TAA==
  dependencies:
    punycode "2.1.0"

immer@^9.0.6:
  version "9.0.21"
  resolved "https://registry.npmjs.org/immer/-/immer-9.0.21.tgz"
  integrity sha512-bc4NBHqOqSfRW7POMkHd51LvClaeMXpm8dx0e8oE2GORbq5aRK7Bxl4FyzVLdGtLmvLKL7BTDBG5ACQm4HWjTA==

inflight@^1.0.4:
  version "1.0.6"
  resolved "https://registry.npmjs.org/inflight/-/inflight-1.0.6.tgz"
  integrity sha512-k92I/b08q4wvFscXCLvqfsHCrjrF7yiXsQuIVvVE7N82W3+aqpzuUdBbfhWcy/FZR3/4IgflMgKLOsvPDrGCJA==
  dependencies:
    once "^1.3.0"
    wrappy "1"

inherits@^2.0.4, inherits@~2.0.1, inherits@2:
  version "2.0.4"
  resolved "https://registry.npmjs.org/inherits/-/inherits-2.0.4.tgz"
  integrity sha512-k/vGaX4/Yla3WzyMCvTQOXYeIHvqOKtnqBduzTHpzpQZzAskKMhZ2K+EnBiSM9zGSoIFeMpXKxa4dYeZIQqewQ==

internal-slot@^1.0.4, internal-slot@^1.0.5:
  version "1.0.5"
  resolved "https://registry.npmjs.org/internal-slot/-/internal-slot-1.0.5.tgz"
  integrity sha512-Y+R5hJrzs52QCG2laLn4udYVnxsfny9CpOhNhUvk/SSSVyF6T27FzRbF0sroPidSu3X8oEAkOn2K804mjpt6UQ==
  dependencies:
    get-intrinsic "^1.2.0"
    has "^1.0.3"
    side-channel "^1.0.4"

is-arguments@^1.1.1:
  version "1.1.1"
  resolved "https://registry.npmjs.org/is-arguments/-/is-arguments-1.1.1.tgz"
  integrity sha512-8Q7EARjzEnKpt/PCD7e1cgUS0a6X8u5tdSiMqXhojOdoV9TsMsiO+9VLC5vAmO8N7/GmXn7yjR8qnA6bVAEzfA==
  dependencies:
    call-bind "^1.0.2"
    has-tostringtag "^1.0.0"

is-array-buffer@^3.0.1, is-array-buffer@^3.0.2:
  version "3.0.2"
  resolved "https://registry.npmjs.org/is-array-buffer/-/is-array-buffer-3.0.2.tgz"
  integrity sha512-y+FyyR/w8vfIRq4eQcM1EYgSTnmHXPqaF+IgzgraytCFq5Xh8lllDVmAZolPJiZttZLeFSINPYMaEJ7/vWUa1w==
  dependencies:
    call-bind "^1.0.2"
    get-intrinsic "^1.2.0"
    is-typed-array "^1.1.10"

is-bigint@^1.0.1:
  version "1.0.4"
  resolved "https://registry.npmjs.org/is-bigint/-/is-bigint-1.0.4.tgz"
  integrity sha512-zB9CruMamjym81i2JZ3UMn54PKGsQzsJeo6xvN3HJJ4CAsQNB6iRutp2To77OfCNuoxspsIhzaPoO1zyCEhFOg==
  dependencies:
    has-bigints "^1.0.1"

is-boolean-object@^1.1.0:
  version "1.1.2"
  resolved "https://registry.npmjs.org/is-boolean-object/-/is-boolean-object-1.1.2.tgz"
  integrity sha512-gDYaKHJmnj4aWxyj6YHyXVpdQawtVLHU5cb+eztPGczf6cjuTdwve5ZIEfgXqH4e57An1D1AKf8CZ3kYrQRqYA==
  dependencies:
    call-bind "^1.0.2"
    has-tostringtag "^1.0.0"

is-callable@^1.1.3, is-callable@^1.1.4, is-callable@^1.2.7:
  version "1.2.7"
  resolved "https://registry.npmjs.org/is-callable/-/is-callable-1.2.7.tgz"
  integrity sha512-1BC0BVFhS/p0qtw6enp8e+8OD0UrK0oFLztSjNzhcKA3WDuJxxAPXzPuPtKkjEY9UUoEWlX/8fgKeu2S8i9JTA==

is-core-module@^2.9.0:
  version "2.11.0"
  resolved "https://registry.npmjs.org/is-core-module/-/is-core-module-2.11.0.tgz"
  integrity sha512-RRjxlvLDkD1YJwDbroBHMb+cukurkDWNyHx7D3oNB5x9rb5ogcksMC5wHCadcXoo67gVr/+3GFySh3134zi6rw==
  dependencies:
    has "^1.0.3"

is-date-object@^1.0.1, is-date-object@^1.0.5:
  version "1.0.5"
  resolved "https://registry.npmjs.org/is-date-object/-/is-date-object-1.0.5.tgz"
  integrity sha512-9YQaSxsAiSwcvS33MBk3wTCVnWK+HhF8VZR2jRxehM16QcVOdHqPn4VPHmRK4lSr38n9JriurInLcP90xsYNfQ==
  dependencies:
    has-tostringtag "^1.0.0"

is-hex-prefixed@1.0.0:
  version "1.0.0"
  resolved "https://registry.npmjs.org/is-hex-prefixed/-/is-hex-prefixed-1.0.0.tgz"
  integrity sha512-WvtOiug1VFrE9v1Cydwm+FnXd3+w9GaeVUss5W4v/SLy3UW00vP+6iNF2SdnfiBoLy4bTqVdkftNGTUeOFVsbA==

is-map@^2.0.1, is-map@^2.0.2:
  version "2.0.2"
  resolved "https://registry.npmjs.org/is-map/-/is-map-2.0.2.tgz"
  integrity sha512-cOZFQQozTha1f4MxLFzlgKYPTyj26picdZTx82hbc/Xf4K/tZOOXSCkMvU4pKioRXGDLJRn0GM7Upe7kR721yg==

is-negative-zero@^2.0.2:
  version "2.0.2"
  resolved "https://registry.npmjs.org/is-negative-zero/-/is-negative-zero-2.0.2.tgz"
  integrity sha512-dqJvarLawXsFbNDeJW7zAz8ItJ9cd28YufuuFzh0G8pNHjJMnY08Dv7sYX2uF5UpQOwieAeOExEYAWWfu7ZZUA==

is-number-object@^1.0.4:
  version "1.0.7"
  resolved "https://registry.npmjs.org/is-number-object/-/is-number-object-1.0.7.tgz"
  integrity sha512-k1U0IRzLMo7ZlYIfzRu23Oh6MiIFasgpb9X76eqfFZAqwH44UI4KTBvBYIZ1dSL9ZzChTB9ShHfLkR4pdW5krQ==
  dependencies:
    has-tostringtag "^1.0.0"

is-regex@^1.1.4:
  version "1.1.4"
  resolved "https://registry.npmjs.org/is-regex/-/is-regex-1.1.4.tgz"
  integrity sha512-kvRdxDsxZjhzUX07ZnLydzS1TU/TJlTUHHY4YLL87e37oUA49DfkLqgy+VjFocowy29cKvcSiu+kIv728jTTVg==
  dependencies:
    call-bind "^1.0.2"
    has-tostringtag "^1.0.0"

is-set@^2.0.1, is-set@^2.0.2:
  version "2.0.2"
  resolved "https://registry.npmjs.org/is-set/-/is-set-2.0.2.tgz"
  integrity sha512-+2cnTEZeY5z/iXGbLhPrOAaK/Mau5k5eXq9j14CpRTftq0pAJu2MwVRSZhyZWBzx3o6X795Lz6Bpb6R0GKf37g==

is-shared-array-buffer@^1.0.2:
  version "1.0.2"
  resolved "https://registry.npmjs.org/is-shared-array-buffer/-/is-shared-array-buffer-1.0.2.tgz"
  integrity sha512-sqN2UDu1/0y6uvXyStCOzyhAjCSlHceFoMKJW8W9EU9cvic/QdsZ0kEU93HEy3IUEFZIiH/3w+AH/UQbPHNdhA==
  dependencies:
    call-bind "^1.0.2"

is-string@^1.0.5, is-string@^1.0.7:
  version "1.0.7"
  resolved "https://registry.npmjs.org/is-string/-/is-string-1.0.7.tgz"
  integrity sha512-tE2UXzivje6ofPW7l23cjDOMa09gb7xlAqG6jG5ej6uPV32TlWP3NKPigtaGeHNu9fohccRYvIiZMfOOnOYUtg==
  dependencies:
    has-tostringtag "^1.0.0"

is-symbol@^1.0.2, is-symbol@^1.0.3:
  version "1.0.4"
  resolved "https://registry.npmjs.org/is-symbol/-/is-symbol-1.0.4.tgz"
  integrity sha512-C/CPBqKWnvdcxqIARxyOh4v1UUEOCHpgDa0WYgpKDFMszcrPcffg5uhwSgPCLD2WWxmq6isisz87tzT01tuGhg==
  dependencies:
    has-symbols "^1.0.2"

is-typed-array@^1.1.10, is-typed-array@^1.1.9:
  version "1.1.10"
  resolved "https://registry.npmjs.org/is-typed-array/-/is-typed-array-1.1.10.tgz"
  integrity sha512-PJqgEHiWZvMpaFZ3uTc8kHPM4+4ADTlDniuQL7cU/UDA0Ql7F70yGfHph3cLNe+c9toaigv+DFzTJKhc2CtO6A==
  dependencies:
    available-typed-arrays "^1.0.5"
    call-bind "^1.0.2"
    for-each "^0.3.3"
    gopd "^1.0.1"
    has-tostringtag "^1.0.0"

is-weakmap@^2.0.1:
  version "2.0.1"
  resolved "https://registry.npmjs.org/is-weakmap/-/is-weakmap-2.0.1.tgz"
  integrity sha512-NSBR4kH5oVj1Uwvv970ruUkCV7O1mzgVFO4/rev2cLRda9Tm9HrL70ZPut4rOHgY0FNrUu9BCbXA2sdQ+x0chA==

is-weakref@^1.0.2:
  version "1.0.2"
  resolved "https://registry.npmjs.org/is-weakref/-/is-weakref-1.0.2.tgz"
  integrity sha512-qctsuLZmIQ0+vSSMfoVvyFe2+GSEvnmZ2ezTup1SBse9+twCCeial6EEi3Nc2KFcf6+qz2FBPnjXsk8xhKSaPQ==
  dependencies:
    call-bind "^1.0.2"

is-weakset@^2.0.1:
  version "2.0.2"
  resolved "https://registry.npmjs.org/is-weakset/-/is-weakset-2.0.2.tgz"
  integrity sha512-t2yVvttHkQktwnNNmBQ98AhENLdPUTDTE21uPqAQ0ARwQfGeQKRVS0NNurH7bTf7RrvcVn1OOge45CnBeHCSmg==
  dependencies:
    call-bind "^1.0.2"
    get-intrinsic "^1.1.1"

isarray@^2.0.5:
  version "2.0.5"
  resolved "https://registry.npmjs.org/isarray/-/isarray-2.0.5.tgz"
  integrity sha512-xHjhDr3cNBK0BzdUJSPXZntQUx/mwMS5Rw4A7lPJ90XGAO6ISP/ePDNuo0vhqOZU+UD5JoodwCAAoZQd3FeAKw==

isarray@~1.0.0:
  version "1.0.0"
  resolved "https://registry.npmjs.org/isarray/-/isarray-1.0.0.tgz"
  integrity sha512-VLghIWNM6ELQzo7zwmcg0NmTVyWKYjvIeM83yjp0wRDTmUnrM678fQbcKBo6n2CJEF0szoG//ytg+TKla89ALQ==

js-sha3@^0.5.7:
  version "0.5.7"
  resolved "https://registry.npmjs.org/js-sha3/-/js-sha3-0.5.7.tgz"
  integrity sha512-GII20kjaPX0zJ8wzkTbNDYMY7msuZcTWk8S5UOh6806Jq/wz1J8/bnr8uGU0DAUmYDjj2Mr4X1cW8v/GLYnR+g==

json-rpc-random-id@^1.0.0:
  version "1.0.1"
  resolved "https://registry.npmjs.org/json-rpc-random-id/-/json-rpc-random-id-1.0.1.tgz"
  integrity sha512-RJ9YYNCkhVDBuP4zN5BBtYAzEl03yq/jIIsyif0JY9qyJuQQZNeDK7anAPKKlyEtLSj2s8h6hNh2F8zO5q7ScA==

micro-ftch@^0.3.1:
  version "0.3.1"
  resolved "https://registry.npmjs.org/micro-ftch/-/micro-ftch-0.3.1.tgz"
  integrity sha512-/0LLxhzP0tfiR5hcQebtudP56gUurs2CLkGarnCiB/OqEyUFQ6U3paQi/tgLv0hBJYt2rnr9MNpxz4fiiugstg==

minimatch@^3.0.4, minimatch@^3.1.1:
  version "3.1.2"
  resolved "https://registry.npmjs.org/minimatch/-/minimatch-3.1.2.tgz"
  integrity sha512-J7p63hRiAjw1NDEww1W7i37+ByIrOWO5XQQAzZ3VOcL0PNybwpfmV/N05zFAzwQ9USyEcX6t3UO+K5aqBQOIHw==
  dependencies:
    brace-expansion "^1.1.7"

minimist@^1.2.7:
  version "1.2.8"
  resolved "https://registry.npmjs.org/minimist/-/minimist-1.2.8.tgz"
  integrity sha512-2yyAR8qBkN3YuheJanUpWC5U3bb5osDywNB8RzDVlDwDHbocAJveqqj1u8+SVD7jkWT4yvsHCpWqqWqAxb0zCA==

ms@^2.1.3:
  version "2.1.3"
  resolved "https://registry.npmjs.org/ms/-/ms-2.1.3.tgz"
  integrity sha512-6FlzubTLZG3J2a/NVCAleEhjzq5oxgHyaCU9yYXvcLsvoVaHJq/s5xXI6/XXP6tz7R9xAOtHnSO/tXtF3WRTlA==

object-inspect@^1.12.3, object-inspect@^1.9.0:
  version "1.12.3"
  resolved "https://registry.npmjs.org/object-inspect/-/object-inspect-1.12.3.tgz"
  integrity sha512-geUvdk7c+eizMNUDkRpW1wJwgfOiOeHbxBR/hLXK1aT6zmVSO0jsQcs7fj6MGw89jC/cjGfLcNOrtMYtGqm81g==

object-is@^1.1.5:
  version "1.1.5"
  resolved "https://registry.npmjs.org/object-is/-/object-is-1.1.5.tgz"
  integrity sha512-3cyDsyHgtmi7I7DfSSI2LDp6SK2lwvtbg0p0R1e0RvTqF5ceGx+K2dfSjm1bKDMVCFEDAQvy+o8c6a7VujOddw==
  dependencies:
    call-bind "^1.0.2"
    define-properties "^1.1.3"

object-keys@^1.1.1:
  version "1.1.1"
  resolved "https://registry.npmjs.org/object-keys/-/object-keys-1.1.1.tgz"
  integrity sha512-NuAESUOUMrlIXOfHKzD6bpPu3tYt3xvjNdRIQ+FeT0lNb4K8WR70CaDxhuNguS2XG+GjkyMwOzsN5ZktImfhLA==

object.assign@^4.1.4:
  version "4.1.4"
  resolved "https://registry.npmjs.org/object.assign/-/object.assign-4.1.4.tgz"
  integrity sha512-1mxKf0e58bvyjSCtKYY4sRe9itRk3PJpquJOjeIkz885CczcI4IvJJDLPS72oowuSh+pBxUFROpX+TU++hxhZQ==
  dependencies:
    call-bind "^1.0.2"
    define-properties "^1.1.4"
    has-symbols "^1.0.3"
    object-keys "^1.1.1"

once@^1.3.0:
  version "1.4.0"
  resolved "https://registry.npmjs.org/once/-/once-1.4.0.tgz"
  integrity sha512-lNaJgI+2Q5URQBkccEKHTQOPaXdUxnZZElQTZY0MFUAuaEqe1E+Nyvgdz/aIyNi6Z9MzO5dv1H8n58/GELp3+w==
  dependencies:
    wrappy "1"

parse-ms@^1.0.0:
  version "1.0.1"
  resolved "https://registry.npmjs.org/parse-ms/-/parse-ms-1.0.1.tgz"
  integrity sha512-LpH1Cf5EYuVjkBvCDBYvkUPh+iv2bk3FHflxHkpCYT0/FZ1d3N3uJaLiHr4yGuMcFUhv6eAivitTvWZI4B/chg==

path-is-absolute@^1.0.0:
  version "1.0.1"
  resolved "https://registry.npmjs.org/path-is-absolute/-/path-is-absolute-1.0.1.tgz"
  integrity sha512-AVbw3UJ2e9bq64vSaS9Am0fje1Pa8pbGqTTsmXfaIiMpnr5DlDhfJOuLj9Sf95ZPVDAUerDfEk88MPmPe7UCQg==

path-parse@^1.0.7:
  version "1.0.7"
  resolved "https://registry.npmjs.org/path-parse/-/path-parse-1.0.7.tgz"
  integrity sha512-LDJzPVEEEPR+y48z93A0Ed0yXb8pAByGWo/k5YYdYgpY2/2EsOsksJrq7lOHxryrVOn1ejG6oAp8ahvOIQD8sw==

pony-cause@^2.1.10:
  version "2.1.11"
  resolved "https://registry.npmjs.org/pony-cause/-/pony-cause-2.1.11.tgz"
  integrity sha512-M7LhCsdNbNgiLYiP4WjsfLUuFmCfnjdF6jKe2R9NKl4WFN+HZPGHJZ9lnLP7f9ZnKe3U9nuWD0szirmj+migUg==

prettier@^3.3.3:
  version "3.3.3"
  resolved "https://registry.npmjs.org/prettier/-/prettier-3.3.3.tgz"
  integrity sha512-i2tDNA0O5IrMO757lfrdQZCc2jPNDVntV0m/+4whiDfWaTKfMNgR7Qz0NAeGz/nRqF4m5/6CLzbP4/liHt12Ew==

pretty-ms@^3.0.0:
  version "3.2.0"
  resolved "https://registry.npmjs.org/pretty-ms/-/pretty-ms-3.2.0.tgz"
  integrity sha512-ZypexbfVUGTFxb0v+m1bUyy92DHe5SyYlnyY0msyms5zd3RwyvNgyxZZsXXgoyzlxjx5MiqtXUdhUfvQbe0A2Q==
  dependencies:
    parse-ms "^1.0.0"

process-nextick-args@~1.0.6:
  version "1.0.7"
  resolved "https://registry.npmjs.org/process-nextick-args/-/process-nextick-args-1.0.7.tgz"
  integrity sha512-yN0WQmuCX63LP/TMvAg31nvT6m4vDqJEiiv2CAZqWOGNWutc9DfDk1NPYYmKUFmaVM2UwDowH4u5AHWYP/jxKw==

punycode@^2.1.0, punycode@^2.1.1, punycode@^2.3.0:
  version "2.3.0"
  resolved "https://registry.npmjs.org/punycode/-/punycode-2.3.0.tgz"
  integrity sha512-rRV+zQD8tVFys26lAGR9WUuS4iUAngJScM+ZRSKtvl5tKeZ2t5bvdNFdNHBW9FWR4guGHlgmsZ1G7BSm2wTbuA==

punycode@2.1.0:
  version "2.1.0"
  resolved "https://registry.npmjs.org/punycode/-/punycode-2.1.0.tgz"
  integrity sha512-Yxz2kRwT90aPiWEMHVYnEf4+rhwF1tBmmZ4KepCP+Wkium9JxtWnUm1nqGwpiAHr/tnTSeHqr3wb++jgSkXjhA==

re-emitter@1.1.3:
  version "1.1.3"
  resolved "https://registry.npmjs.org/re-emitter/-/re-emitter-1.1.3.tgz"
  integrity sha512-bHJul9CWcocrS+w5e5QrKYXV9NkbSA9hxSEyhYuctwm6keY9NXR2Xt/4A0vbMP0QvuwyfEyb4bkowYXv1ziEbg==

readable-stream@2.2.9:
  version "2.2.9"
  resolved "https://registry.npmjs.org/readable-stream/-/readable-stream-2.2.9.tgz"
  integrity sha512-iuxqX7b7FYt08AriYECxUsK9KTXE3A/FenxIa3IPmvANHxaTP/wGIwwf+IidvvIDk/MsCp/oEV6A8CXo4SDcCg==
  dependencies:
    buffer-shims "~1.0.0"
    core-util-is "~1.0.0"
    inherits "~2.0.1"
    isarray "~1.0.0"
    process-nextick-args "~1.0.6"
    string_decoder "~1.0.0"
    util-deprecate "~1.0.1"

regenerator-runtime@^0.14.0:
  version "0.14.1"
  resolved "https://registry.npmjs.org/regenerator-runtime/-/regenerator-runtime-0.14.1.tgz"
  integrity sha512-dYnhHh0nJoMfnkZs6GmmhFknAGRrLznOu5nc9ML+EJxGvrx6H7teuevqVqCuPcPK//3eDrrjQhehXVx9cnkGdw==

regexp.prototype.flags@^1.4.3:
  version "1.4.3"
  resolved "https://registry.npmjs.org/regexp.prototype.flags/-/regexp.prototype.flags-1.4.3.tgz"
  integrity sha512-fjggEOO3slI6Wvgjwflkc4NFRCTZAu5CnNfBd5qOMYhWdn67nJBBu34/TkD++eeFmd8C9r9jfXJ27+nSiRkSUA==
  dependencies:
    call-bind "^1.0.2"
    define-properties "^1.1.3"
    functions-have-names "^1.2.2"

resolve-pkg-maps@^1.0.0:
  version "1.0.0"
  resolved "https://registry.npmjs.org/resolve-pkg-maps/-/resolve-pkg-maps-1.0.0.tgz"
  integrity sha512-seS2Tj26TBVOC2NIc2rOe2y2ZO7efxITtLZcGSOnHHNOQ7CkiUBfw0Iw2ck6xkIhPwLhKNLS8BO+hEpngQlqzw==

resolve@^2.0.0-next.4:
  version "2.0.0-next.4"
  resolved "https://registry.npmjs.org/resolve/-/resolve-2.0.0-next.4.tgz"
  integrity sha512-iMDbmAWtfU+MHpxt/I5iWI7cY6YVEZUQ3MBgPQ++XD1PELuJHIl82xBmObyP2KyQmkNB2dsqF7seoQQiAn5yDQ==
  dependencies:
    is-core-module "^2.9.0"
    path-parse "^1.0.7"
    supports-preserve-symlinks-flag "^1.0.0"

resumer@^0.0.0:
  version "0.0.0"
  resolved "https://registry.npmjs.org/resumer/-/resumer-0.0.0.tgz"
  integrity sha512-Fn9X8rX8yYF4m81rZCK/5VmrmsSbqS/i3rDLl6ZZHAXgC2nTAx3dhwG8q8odP/RmdLa2YrybDJaAMg+X1ajY3w==
  dependencies:
    through "~2.3.4"

safe-buffer@~5.1.0:
  version "5.1.2"
  resolved "https://registry.npmjs.org/safe-buffer/-/safe-buffer-5.1.2.tgz"
  integrity sha512-Gd2UZBJDkXlY7GbJxfsE8/nvKkUEU1G38c1siN6QP6a9PT9MmHB8GnpscSmMJSoF8LOIrt8ud/wPtojys4G6+g==

safe-regex-test@^1.0.0:
  version "1.0.0"
  resolved "https://registry.npmjs.org/safe-regex-test/-/safe-regex-test-1.0.0.tgz"
  integrity sha512-JBUUzyOgEwXQY1NuPtvcj/qcBDbDmEvWufhlnXZIm75DEHp+afM1r1ujJpJsV/gSM4t59tpDyPi1sd6ZaPFfsA==
  dependencies:
    call-bind "^1.0.2"
    get-intrinsic "^1.1.3"
    is-regex "^1.1.4"

semver@^7.5.4:
  version "7.6.3"
  resolved "https://registry.npmjs.org/semver/-/semver-7.6.3.tgz"
  integrity sha512-oVekP1cKtI+CTDvHWYFUcMtsK/00wmAEfyqKfNdARm8u1wNVhSgaX7A8d4UuIlUI5e84iEwOhs7ZPYRmzU9U6A==

side-channel@^1.0.4:
  version "1.0.4"
  resolved "https://registry.npmjs.org/side-channel/-/side-channel-1.0.4.tgz"
  integrity sha512-q5XPytqFEIKHkGdiMIrY10mvLRvnQh42/+GoBlFW3b2LXLE2xxJpZFdm94we0BaoV3RwJyGqg5wS7epxTv0Zvw==
  dependencies:
    call-bind "^1.0.0"
    get-intrinsic "^1.0.2"
    object-inspect "^1.9.0"

simple-git-hooks@^2.8.1:
  version "2.8.1"
  resolved "https://registry.npmjs.org/simple-git-hooks/-/simple-git-hooks-2.8.1.tgz"
  integrity sha512-DYpcVR1AGtSfFUNzlBdHrQGPsOhuuEJ/FkmPOOlFysP60AHd3nsEpkGq/QEOdtUyT1Qhk7w9oLmFoMG+75BDog==

split@1.0.0:
  version "1.0.0"
  resolved "https://registry.npmjs.org/split/-/split-1.0.0.tgz"
  integrity sha512-3SVfJe2A0WZg3D+ZEtXqYkvpSGAVaZ1MgufNCeHioBESCqQFsuT1VcQufiopBfJZqh92ZwQ6ddL378iUSbqVNQ==
  dependencies:
    through "2"

stop-iteration-iterator@^1.0.0:
  version "1.0.0"
  resolved "https://registry.npmjs.org/stop-iteration-iterator/-/stop-iteration-iterator-1.0.0.tgz"
  integrity sha512-iCGQj+0l0HOdZ2AEeBADlsRC+vsnDsZsbdSiH1yNSjcfKM7fdpCMfqAL/dwF5BLiw/XhRft/Wax6zQbhq2BcjQ==
  dependencies:
    internal-slot "^1.0.4"

string_decoder@~1.0.0:
  version "1.0.3"
  resolved "https://registry.npmjs.org/string_decoder/-/string_decoder-1.0.3.tgz"
  integrity sha512-4AH6Z5fzNNBcH+6XDMfA/BTt87skxqJlO0lAh3Dker5zThcAxG6mKz+iGu308UKoPPQ8Dcqx/4JhujzltRa+hQ==
  dependencies:
    safe-buffer "~5.1.0"

string.prototype.trim@^1.2.7:
  version "1.2.7"
  resolved "https://registry.npmjs.org/string.prototype.trim/-/string.prototype.trim-1.2.7.tgz"
  integrity sha512-p6TmeT1T3411M8Cgg9wBTMRtY2q9+PNy9EV1i2lIXUN/btt763oIfxwN3RR8VU6wHX8j/1CFy0L+YuThm6bgOg==
  dependencies:
    call-bind "^1.0.2"
    define-properties "^1.1.4"
    es-abstract "^1.20.4"

string.prototype.trimend@^1.0.6:
  version "1.0.6"
  resolved "https://registry.npmjs.org/string.prototype.trimend/-/string.prototype.trimend-1.0.6.tgz"
  integrity sha512-JySq+4mrPf9EsDBEDYMOb/lM7XQLulwg5R/m1r0PXEFqrV0qHvl58sdTilSXtKOflCsK2E8jxf+GKC0T07RWwQ==
  dependencies:
    call-bind "^1.0.2"
    define-properties "^1.1.4"
    es-abstract "^1.20.4"

string.prototype.trimstart@^1.0.6:
  version "1.0.6"
  resolved "https://registry.npmjs.org/string.prototype.trimstart/-/string.prototype.trimstart-1.0.6.tgz"
  integrity sha512-omqjMDaY92pbn5HOX7f9IccLA+U1tA9GvtU4JrodiXFfYB7jPzzHpRzpglLAjtUV6bB557zwClJezTqnAiYnQA==
  dependencies:
    call-bind "^1.0.2"
    define-properties "^1.1.4"
    es-abstract "^1.20.4"

strip-hex-prefix@1.0.0:
  version "1.0.0"
  resolved "https://registry.npmjs.org/strip-hex-prefix/-/strip-hex-prefix-1.0.0.tgz"
  integrity sha512-q8d4ue7JGEiVcypji1bALTos+0pWtyGlivAWyPuTkHzuTCJqrK9sWxYQZUq6Nq3cuyv3bm734IhHvHtGGURU6A==
  dependencies:
    is-hex-prefixed "1.0.0"

supports-preserve-symlinks-flag@^1.0.0:
  version "1.0.0"
  resolved "https://registry.npmjs.org/supports-preserve-symlinks-flag/-/supports-preserve-symlinks-flag-1.0.0.tgz"
  integrity sha512-ot0WnXS9fgdkgIcePe6RHNk1WA8+muPa6cSjeR3V8K27q9BB1rTE3R1p7Hv0z1ZyAc8s6Vvv8DIyWf681MAt0w==

tap-out@^2.0.0:
  version "2.1.0"
  resolved "https://registry.npmjs.org/tap-out/-/tap-out-2.1.0.tgz"
  integrity sha512-LJE+TBoVbOWhwdz4+FQk40nmbIuxJLqaGvj3WauQw3NYYU5TdjoV3C0x/yq37YAvVyi+oeBXmWnxWSjJ7IEyUw==
  dependencies:
    re-emitter "1.1.3"
    readable-stream "2.2.9"
    split "1.0.0"
    trim "0.0.1"

tap-summary@^4.0.0:
  version "4.0.0"
  resolved "https://registry.npmjs.org/tap-summary/-/tap-summary-4.0.0.tgz"
  integrity sha512-xF6VzYZaunoIifiwM3NxsQ50c2zOcGo+c2A16pLvMGVsyp5yhVob57UmViqYYJ9DMfIXgd11EqDFO+r2pzZYLQ==
  dependencies:
    ansi-escape "^1.0.1"
    commander "^2.9.0"
    figures "^2.0.0"
    pretty-ms "^3.0.0"
    tap-out "^2.0.0"

tape@^5.6.3:
  version "5.6.3"
  resolved "https://registry.npmjs.org/tape/-/tape-5.6.3.tgz"
  integrity sha512-cUDDGSbyoSIpdUAqbqLI/r7i/S4BHuCB9M5j7E/LrLs/x/i4zeAJ798aqo+FGo+kr9seBZwr8AkZW6rjceyAMQ==
  dependencies:
    array.prototype.every "^1.1.4"
    call-bind "^1.0.2"
    deep-equal "^2.2.0"
    defined "^1.0.1"
    dotignore "^0.1.2"
    for-each "^0.3.3"
    get-package-type "^0.1.0"
    glob "^7.2.3"
    has "^1.0.3"
    has-dynamic-import "^2.0.1"
    inherits "^2.0.4"
    is-regex "^1.1.4"
    minimist "^1.2.7"
    object-inspect "^1.12.3"
    object-is "^1.1.5"
    object-keys "^1.1.1"
    object.assign "^4.1.4"
    resolve "^2.0.0-next.4"
    resumer "^0.0.0"
    string.prototype.trim "^1.2.7"
    through "^2.3.8"

through@^2.3.8, through@~2.3.4, through@2:
  version "2.3.8"
  resolved "https://registry.npmjs.org/through/-/through-2.3.8.tgz"
  integrity sha512-w89qg7PI8wAdvX60bMDP+bFoD5Dvhm9oLheFp5O4a2QF0cSBGsBX4qZmadPMvVqlLJBBci+WqGGOAPvcDeNSVg==

tldts-core@^6.1.43:
  version "6.1.43"
  resolved "https://registry.npmjs.org/tldts-core/-/tldts-core-6.1.43.tgz"
  integrity sha512-iO1G3F2NqtmJUYlTfcH2liSdaqDnjpYn6iGftbLRNx8DF6IRIjbknVt+q0ijwZ2KGZX3J8zeYGFoiI+ZtHT5MQ==

tldts@^6.1.43:
  version "6.1.43"
  resolved "https://registry.npmjs.org/tldts/-/tldts-6.1.43.tgz"
  integrity sha512-5J2v/CbNH8CkwsQV+igsuu0+3eeTfRDn1CFf38a24ZD6FIrbm3DZFu4UrrpoOSejhuP4N1PNDNUvJcw+f4nXNw==
  dependencies:
    tldts-core "^6.1.43"

trim@0.0.1:
  version "0.0.1"
  resolved "https://registry.npmjs.org/trim/-/trim-0.0.1.tgz"
  integrity sha512-YzQV+TZg4AxpKxaTHK3c3D+kRDCGVEE7LemdlQZoQXn0iennk10RsIoY6ikzAqJTc9Xjl9C1/waHom/J86ziAQ==

tsx@^4.19.0:
  version "4.19.0"
  resolved "https://registry.npmjs.org/tsx/-/tsx-4.19.0.tgz"
  integrity sha512-bV30kM7bsLZKZIOCHeMNVMJ32/LuJzLVajkQI/qf92J2Qr08ueLQvW00PUZGiuLPP760UINwupgUj8qrSCPUKg==
  dependencies:
    esbuild "~0.23.0"
    get-tsconfig "^4.7.5"
  optionalDependencies:
    fsevents "~2.3.3"

typed-array-length@^1.0.4:
  version "1.0.4"
  resolved "https://registry.npmjs.org/typed-array-length/-/typed-array-length-1.0.4.tgz"
  integrity sha512-KjZypGq+I/H7HI5HlOoGHkWUUGq+Q0TPhQurLbyrVrvnKTBgzLhIJ7j6J/XTQOi0d1RjyZ0wdas8bKs2p0x3Ng==
  dependencies:
    call-bind "^1.0.2"
    for-each "^0.3.3"
    is-typed-array "^1.1.9"

unbox-primitive@^1.0.2:
  version "1.0.2"
  resolved "https://registry.npmjs.org/unbox-primitive/-/unbox-primitive-1.0.2.tgz"
  integrity sha512-61pPlCD9h51VoreyJ0BReideM3MDKMKnh6+V9L08331ipq6Q8OFXZYiqP6n/tbHx4s5I9uRhcye6BrbkizkBDw==
  dependencies:
    call-bind "^1.0.2"
    has-bigints "^1.0.2"
    has-symbols "^1.0.3"
    which-boxed-primitive "^1.0.2"

undici-types@~6.19.2:
  version "6.19.8"
  resolved "https://registry.npmjs.org/undici-types/-/undici-types-6.19.8.tgz"
  integrity sha512-ve2KP6f/JnbPBFyobGHuerC9g1FYGn/F8n1LWTwNxCEzd6IfqTwUQcNXgEtmmQ6DlRrC1hrSrBnCZPokRrDHjw==

uri-js@^4.4.1:
  version "4.4.1"
  resolved "https://registry.npmjs.org/uri-js/-/uri-js-4.4.1.tgz"
  integrity sha512-7rKUyy33Q1yc98pQ1DAmLtwX109F7TIfWlW1Ydo8Wl1ii1SeHieeh0HHfPeL2fMXK6z0s8ecKs9frCuLJvndBg==
  dependencies:
    punycode "^2.1.0"

util-deprecate@~1.0.1:
  version "1.0.2"
  resolved "https://registry.npmjs.org/util-deprecate/-/util-deprecate-1.0.2.tgz"
  integrity sha512-EPD5q1uXyFxJpCrLnCc1nHnq3gOa6DZBocAIiI2TaSCA7VCJ1UJDMagCzIkXNsUYfD1daK//LTEQ8xiIbrHtcw==

uuid@^9.0.1:
  version "9.0.1"
  resolved "https://registry.npmjs.org/uuid/-/uuid-9.0.1.tgz"
  integrity sha512-b+1eJOlsR9K8HJpow9Ok3fiWOWSIcIzXodvv0rQjVoOVNpWMpxf1wZNpt4y9h10odCNrqnYp1OBzRktckBe3sA==

valid-url@^1.0.9:
  version "1.0.9"
  resolved "https://registry.npmjs.org/valid-url/-/valid-url-1.0.9.tgz"
  integrity sha512-QQDsV8OnSf5Uc30CKSwG9lnhMPe6exHtTXLRYX8uMwKENy640pU+2BgBL0LRbDh/eYRahNCS7aewCx0wf3NYVA==

which-boxed-primitive@^1.0.2:
  version "1.0.2"
  resolved "https://registry.npmjs.org/which-boxed-primitive/-/which-boxed-primitive-1.0.2.tgz"
  integrity sha512-bwZdv0AKLpplFY2KZRX6TvyuN7ojjr7lwkg6ml0roIy9YeuSr7JS372qlNW18UQYzgYK9ziGcerWqZOmEn9VNg==
  dependencies:
    is-bigint "^1.0.1"
    is-boolean-object "^1.1.0"
    is-number-object "^1.0.4"
    is-string "^1.0.5"
    is-symbol "^1.0.3"

which-collection@^1.0.1:
  version "1.0.1"
  resolved "https://registry.npmjs.org/which-collection/-/which-collection-1.0.1.tgz"
  integrity sha512-W8xeTUwaln8i3K/cY1nGXzdnVZlidBcagyNFtBdD5kxnb4TvGKR7FfSIS3mYpwWS1QUCutfKz8IY8RjftB0+1A==
  dependencies:
    is-map "^2.0.1"
    is-set "^2.0.1"
    is-weakmap "^2.0.1"
    is-weakset "^2.0.1"

which-typed-array@^1.1.9:
  version "1.1.9"
  resolved "https://registry.npmjs.org/which-typed-array/-/which-typed-array-1.1.9.tgz"
  integrity sha512-w9c4xkx6mPidwp7180ckYWfMmvxpjlZuIudNtDf4N/tTAUB8VJbX25qZoAsrtGuYNnGw3pa0AXgbGKRB8/EceA==
  dependencies:
    available-typed-arrays "^1.0.5"
    call-bind "^1.0.2"
    for-each "^0.3.3"
    gopd "^1.0.1"
    has-tostringtag "^1.0.0"
    is-typed-array "^1.1.10"

wrappy@1:
  version "1.0.2"
  resolved "https://registry.npmjs.org/wrappy/-/wrappy-1.0.2.tgz"
  integrity sha512-l4Sp/DRseor9wL6EvV2+TuQn63dMkPjZ/sp9XkghTEbV9KlPS1xUsZ3u7/IQO4wxtcFB4bgpQPRcR3QCvezPcQ==

xtend@^4.0.1:
  version "4.0.2"
  resolved "https://registry.npmjs.org/xtend/-/xtend-4.0.2.tgz"
  integrity sha512-LKYU1iAXJXUgAXn9URjiu+MWhyUXHsvfp7mcuYm9dSUKK0/CjtrUwFAxD82/mCWbtLsGjFIad0wIsod4zrTAEQ==
